
Microsoft Visual Studio Solution File, Format Version 12.00
# Visual Studio Version 17
VisualStudioVersion = 17.14.36717.8 d17.14
MinimumVisualStudioVersion = 10.0.40219.1
Project("{FAE04EC0-301F-11D3-BF4B-00C04F79EFBC}") = "WPF_Login", "WPF_Login.csproj", "{CD99DD4E-B36C-4652-8DA8-4C9A06597087}"
EndProject
Global
	GlobalSection(SolutionConfigurationPlatforms) = preSolution
		Debug|Any CPU = Debug|Any CPU
		Release|Any CPU = Release|Any CPU
	EndGlobalSection
	GlobalSection(ProjectConfigurationPlatforms) = postSolution
		{CD99DD4E-B36C-4652-8DA8-4C9A06597087}.Debug|Any CPU.ActiveCfg = Debug|Any CPU
		{CD99DD4E-B36C-4652-8DA8-4C9A06597087}.Debug|Any CPU.Build.0 = Debug|Any CPU
		{CD99DD4E-B36C-4652-8DA8-4C9A06597087}.Release|Any CPU.ActiveCfg = Release|Any CPU
		{CD99DD4E-B36C-4652-8DA8-4C9A06597087}.Release|Any CPU.Build.0 = Release|Any CPU
	EndGlobalSection
	GlobalSection(SolutionProperties) = preSolution
		HideSolutionNode = FALSE
	EndGlobalSection
	GlobalSection(ExtensibilityGlobals) = postSolution
		SolutionGuid = {999B8865-6B88-4F0A-B039-9953D93883A0}
	EndGlobalSection
EndGlobal
